
Microsoft Visual Studio Solution File, Format Version 12.00
Project("{2150E333-8FDC-42A3-9474-1A3956D46DE8}") = "src", "src", "{2649DB16-37F9-4696-920A-641ABDA3D1AC}"
EndProject
Project("{FAE04EC0-301F-11D3-BF4B-00C04F79EFBC}") = "Domain", "src\Domain\Domain.csproj", "{D85B80D9-5E07-4F54-BF81-BAE7C4DEDB7E}"
EndProject
Project("{2150E333-8FDC-42A3-9474-1A3956D46DE8}") = "ApiGateway", "ApiGateway", "{28396D44-FCF8-4B58-95BB-0A43AA284E3F}"
EndProject
Project("{FAE04EC0-301F-11D3-BF4B-00C04F79EFBC}") = "ApiGateway.Application", "src\ApiGateway\ApiGateway.Application\ApiGateway.Application.csproj", "{749BA702-B7AD-4030-9C48-87BEC1998904}"
EndProject
Project("{FAE04EC0-301F-11D3-BF4B-00C04F79EFBC}") = "ApiGateway.API", "src\ApiGateway\ApiGateway.API\ApiGateway.API.csproj", "{2887B91E-2493-4DF2-8FA9-4EF93EFEC283}"
EndProject
Project("{2150E333-8FDC-42A3-9474-1A3956D46DE8}") = "Services", "Services", "{8669D98D-13BC-41B9-98C7-596A3D7C69E3}"
EndProject
Project("{2150E333-8FDC-42A3-9474-1A3956D46DE8}") = "Videos", "Videos", "{92A317C5-EE95-4FDC-9E51-D955E3F7D729}"
EndProject
Project("{2150E333-8FDC-42A3-9474-1A3956D46DE8}") = "Recognizer", "Recognizer", "{90FE0FA9-7FDC-4411-A247-37CA1812F8F2}"
EndProject
Project("{2150E333-8FDC-42A3-9474-1A3956D46DE8}") = "Movies", "Movies", "{168CA1D0-C5E6-49DD-A8E0-3CC93CEC9ACC}"
EndProject
Project("{FAE04EC0-301F-11D3-BF4B-00C04F79EFBC}") = "Videos.Application", "src\Services\Videos\Videos.Application\Videos.Application.csproj", "{1BD4CB59-5969-42D0-9DCC-0F224637EC3A}"
EndProject
Project("{FAE04EC0-301F-11D3-BF4B-00C04F79EFBC}") = "Videos.API", "src\Services\Videos\Videos.API\Videos.API.csproj", "{996504DE-22A2-4A4F-AE8B-C0D45D2206B5}"
EndProject
Project("{FAE04EC0-301F-11D3-BF4B-00C04F79EFBC}") = "Movies.Application", "src\Services\Movies\Movies.Application\Movies.Application.csproj", "{72CF6DA8-FA5B-471B-8FFC-EB79F4CE2DA4}"
EndProject
Project("{FAE04EC0-301F-11D3-BF4B-00C04F79EFBC}") = "Movies.API", "src\Services\Movies\Movies.API\Movies.API.csproj", "{EB0500AF-92F9-4B8C-BACD-5F1921B8DB7F}"
EndProject
Project("{FAE04EC0-301F-11D3-BF4B-00C04F79EFBC}") = "Recognizer.Application", "src\Services\Recognizer\Recognizer.Application\Recognizer.Application.csproj", "{A7E7AAFD-C335-42C5-8F95-40EE2CBA7407}"
EndProject
Project("{FAE04EC0-301F-11D3-BF4B-00C04F79EFBC}") = "Recognizer.API", "src\Services\Recognizer\Recognizer.API\Recognizer.API.csproj", "{75D686E4-9965-4D91-A88A-CC038E800D37}"
EndProject
Project("{FAE04EC0-301F-11D3-BF4B-00C04F79EFBC}") = "ApiGateway.Infrastructure", "src\ApiGateway\ApiGateway.Infrastructure\ApiGateway.Infrastructure.csproj", "{014BAA0F-1EAE-4719-967F-DB7E316959B2}"
EndProject
Project("{FAE04EC0-301F-11D3-BF4B-00C04F79EFBC}") = "Movies.Infrastructure", "src\Services\Movies\Movies.Infrastructure\Movies.Infrastructure.csproj", "{7C5175ED-C7B3-4BF6-8B39-7BDC80268D7F}"
EndProject
Project("{FAE04EC0-301F-11D3-BF4B-00C04F79EFBC}") = "Recognizer.Infrastructure", "src\Services\Recognizer\Recognizer.Infrastructure\Recognizer.Infrastructure.csproj", "{7376DCD6-4D61-4FD8-8220-36C24714D58B}"
EndProject
Project("{2150E333-8FDC-42A3-9474-1A3956D46DE8}") = "BuildingBlocks", "BuildingBlocks", "{3E78B5DD-1494-4D64-B2F5-76F932D37A34}"
EndProject
Project("{FAE04EC0-301F-11D3-BF4B-00C04F79EFBC}") = "WebApiExtensions", "src\BuildingBlocks\WebApiExtensions\WebApiExtensions.csproj", "{F82B2EF9-06D2-42CC-9C6F-E0B58E2AAA74}"
EndProject
Project("{2150E333-8FDC-42A3-9474-1A3956D46DE8}") = "tests", "tests", "{61437735-01F9-4458-9214-B66230333193}"
EndProject
Project("{FAE04EC0-301F-11D3-BF4B-00C04F79EFBC}") = "Videos.IntegrationTests", "tests\Videos.IntegrationTests\Videos.IntegrationTests.csproj", "{2AC58CF0-131F-4C02-957C-87B88CD48594}"
EndProject
Global
	GlobalSection(SolutionConfigurationPlatforms) = preSolution
		Debug|Any CPU = Debug|Any CPU
		Release|Any CPU = Release|Any CPU
	EndGlobalSection
	GlobalSection(NestedProjects) = preSolution
		{D85B80D9-5E07-4F54-BF81-BAE7C4DEDB7E} = {2649DB16-37F9-4696-920A-641ABDA3D1AC}
		{28396D44-FCF8-4B58-95BB-0A43AA284E3F} = {2649DB16-37F9-4696-920A-641ABDA3D1AC}
		{749BA702-B7AD-4030-9C48-87BEC1998904} = {28396D44-FCF8-4B58-95BB-0A43AA284E3F}
		{2887B91E-2493-4DF2-8FA9-4EF93EFEC283} = {28396D44-FCF8-4B58-95BB-0A43AA284E3F}
		{8669D98D-13BC-41B9-98C7-596A3D7C69E3} = {2649DB16-37F9-4696-920A-641ABDA3D1AC}
		{92A317C5-EE95-4FDC-9E51-D955E3F7D729} = {8669D98D-13BC-41B9-98C7-596A3D7C69E3}
		{90FE0FA9-7FDC-4411-A247-37CA1812F8F2} = {8669D98D-13BC-41B9-98C7-596A3D7C69E3}
		{168CA1D0-C5E6-49DD-A8E0-3CC93CEC9ACC} = {8669D98D-13BC-41B9-98C7-596A3D7C69E3}
		{1BD4CB59-5969-42D0-9DCC-0F224637EC3A} = {92A317C5-EE95-4FDC-9E51-D955E3F7D729}
		{996504DE-22A2-4A4F-AE8B-C0D45D2206B5} = {92A317C5-EE95-4FDC-9E51-D955E3F7D729}
		{72CF6DA8-FA5B-471B-8FFC-EB79F4CE2DA4} = {168CA1D0-C5E6-49DD-A8E0-3CC93CEC9ACC}
		{EB0500AF-92F9-4B8C-BACD-5F1921B8DB7F} = {168CA1D0-C5E6-49DD-A8E0-3CC93CEC9ACC}
		{A7E7AAFD-C335-42C5-8F95-40EE2CBA7407} = {90FE0FA9-7FDC-4411-A247-37CA1812F8F2}
		{75D686E4-9965-4D91-A88A-CC038E800D37} = {90FE0FA9-7FDC-4411-A247-37CA1812F8F2}
		{014BAA0F-1EAE-4719-967F-DB7E316959B2} = {28396D44-FCF8-4B58-95BB-0A43AA284E3F}
		{7C5175ED-C7B3-4BF6-8B39-7BDC80268D7F} = {168CA1D0-C5E6-49DD-A8E0-3CC93CEC9ACC}
		{7376DCD6-4D61-4FD8-8220-36C24714D58B} = {90FE0FA9-7FDC-4411-A247-37CA1812F8F2}
		{3E78B5DD-1494-4D64-B2F5-76F932D37A34} = {2649DB16-37F9-4696-920A-641ABDA3D1AC}
		{F82B2EF9-06D2-42CC-9C6F-E0B58E2AAA74} = {3E78B5DD-1494-4D64-B2F5-76F932D37A34}
		{2AC58CF0-131F-4C02-957C-87B88CD48594} = {61437735-01F9-4458-9214-B66230333193}
	EndGlobalSection
	GlobalSection(ProjectConfigurationPlatforms) = postSolution
		{D85B80D9-5E07-4F54-BF81-BAE7C4DEDB7E}.Debug|Any CPU.ActiveCfg = Debug|Any CPU
		{D85B80D9-5E07-4F54-BF81-BAE7C4DEDB7E}.Debug|Any CPU.Build.0 = Debug|Any CPU
		{D85B80D9-5E07-4F54-BF81-BAE7C4DEDB7E}.Release|Any CPU.ActiveCfg = Release|Any CPU
		{D85B80D9-5E07-4F54-BF81-BAE7C4DEDB7E}.Release|Any CPU.Build.0 = Release|Any CPU
		{749BA702-B7AD-4030-9C48-87BEC1998904}.Debug|Any CPU.ActiveCfg = Debug|Any CPU
		{749BA702-B7AD-4030-9C48-87BEC1998904}.Debug|Any CPU.Build.0 = Debug|Any CPU
		{749BA702-B7AD-4030-9C48-87BEC1998904}.Release|Any CPU.ActiveCfg = Release|Any CPU
		{749BA702-B7AD-4030-9C48-87BEC1998904}.Release|Any CPU.Build.0 = Release|Any CPU
		{2887B91E-2493-4DF2-8FA9-4EF93EFEC283}.Debug|Any CPU.ActiveCfg = Debug|Any CPU
		{2887B91E-2493-4DF2-8FA9-4EF93EFEC283}.Debug|Any CPU.Build.0 = Debug|Any CPU
		{2887B91E-2493-4DF2-8FA9-4EF93EFEC283}.Release|Any CPU.ActiveCfg = Release|Any CPU
		{2887B91E-2493-4DF2-8FA9-4EF93EFEC283}.Release|Any CPU.Build.0 = Release|Any CPU
		{1BD4CB59-5969-42D0-9DCC-0F224637EC3A}.Debug|Any CPU.ActiveCfg = Debug|Any CPU
		{1BD4CB59-5969-42D0-9DCC-0F224637EC3A}.Debug|Any CPU.Build.0 = Debug|Any CPU
		{1BD4CB59-5969-42D0-9DCC-0F224637EC3A}.Release|Any CPU.ActiveCfg = Release|Any CPU
		{1BD4CB59-5969-42D0-9DCC-0F224637EC3A}.Release|Any CPU.Build.0 = Release|Any CPU
		{996504DE-22A2-4A4F-AE8B-C0D45D2206B5}.Debug|Any CPU.ActiveCfg = Debug|Any CPU
		{996504DE-22A2-4A4F-AE8B-C0D45D2206B5}.Debug|Any CPU.Build.0 = Debug|Any CPU
		{996504DE-22A2-4A4F-AE8B-C0D45D2206B5}.Release|Any CPU.ActiveCfg = Release|Any CPU
		{996504DE-22A2-4A4F-AE8B-C0D45D2206B5}.Release|Any CPU.Build.0 = Release|Any CPU
		{72CF6DA8-FA5B-471B-8FFC-EB79F4CE2DA4}.Debug|Any CPU.ActiveCfg = Debug|Any CPU
		{72CF6DA8-FA5B-471B-8FFC-EB79F4CE2DA4}.Debug|Any CPU.Build.0 = Debug|Any CPU
		{72CF6DA8-FA5B-471B-8FFC-EB79F4CE2DA4}.Release|Any CPU.ActiveCfg = Release|Any CPU
		{72CF6DA8-FA5B-471B-8FFC-EB79F4CE2DA4}.Release|Any CPU.Build.0 = Release|Any CPU
		{EB0500AF-92F9-4B8C-BACD-5F1921B8DB7F}.Debug|Any CPU.ActiveCfg = Debug|Any CPU
		{EB0500AF-92F9-4B8C-BACD-5F1921B8DB7F}.Debug|Any CPU.Build.0 = Debug|Any CPU
		{EB0500AF-92F9-4B8C-BACD-5F1921B8DB7F}.Release|Any CPU.ActiveCfg = Release|Any CPU
		{EB0500AF-92F9-4B8C-BACD-5F1921B8DB7F}.Release|Any CPU.Build.0 = Release|Any CPU
		{A7E7AAFD-C335-42C5-8F95-40EE2CBA7407}.Debug|Any CPU.ActiveCfg = Debug|Any CPU
		{A7E7AAFD-C335-42C5-8F95-40EE2CBA7407}.Debug|Any CPU.Build.0 = Debug|Any CPU
		{A7E7AAFD-C335-42C5-8F95-40EE2CBA7407}.Release|Any CPU.ActiveCfg = Release|Any CPU
		{A7E7AAFD-C335-42C5-8F95-40EE2CBA7407}.Release|Any CPU.Build.0 = Release|Any CPU
		{75D686E4-9965-4D91-A88A-CC038E800D37}.Debug|Any CPU.ActiveCfg = Debug|Any CPU
		{75D686E4-9965-4D91-A88A-CC038E800D37}.Debug|Any CPU.Build.0 = Debug|Any CPU
		{75D686E4-9965-4D91-A88A-CC038E800D37}.Release|Any CPU.ActiveCfg = Release|Any CPU
		{75D686E4-9965-4D91-A88A-CC038E800D37}.Release|Any CPU.Build.0 = Release|Any CPU
		{014BAA0F-1EAE-4719-967F-DB7E316959B2}.Debug|Any CPU.ActiveCfg = Debug|Any CPU
		{014BAA0F-1EAE-4719-967F-DB7E316959B2}.Debug|Any CPU.Build.0 = Debug|Any CPU
		{014BAA0F-1EAE-4719-967F-DB7E316959B2}.Release|Any CPU.ActiveCfg = Release|Any CPU
		{014BAA0F-1EAE-4719-967F-DB7E316959B2}.Release|Any CPU.Build.0 = Release|Any CPU
		{7C5175ED-C7B3-4BF6-8B39-7BDC80268D7F}.Debug|Any CPU.ActiveCfg = Debug|Any CPU
		{7C5175ED-C7B3-4BF6-8B39-7BDC80268D7F}.Debug|Any CPU.Build.0 = Debug|Any CPU
		{7C5175ED-C7B3-4BF6-8B39-7BDC80268D7F}.Release|Any CPU.ActiveCfg = Release|Any CPU
		{7C5175ED-C7B3-4BF6-8B39-7BDC80268D7F}.Release|Any CPU.Build.0 = Release|Any CPU
		{7376DCD6-4D61-4FD8-8220-36C24714D58B}.Debug|Any CPU.ActiveCfg = Debug|Any CPU
		{7376DCD6-4D61-4FD8-8220-36C24714D58B}.Debug|Any CPU.Build.0 = Debug|Any CPU
		{7376DCD6-4D61-4FD8-8220-36C24714D58B}.Release|Any CPU.ActiveCfg = Release|Any CPU
		{7376DCD6-4D61-4FD8-8220-36C24714D58B}.Release|Any CPU.Build.0 = Release|Any CPU
		{F82B2EF9-06D2-42CC-9C6F-E0B58E2AAA74}.Debug|Any CPU.ActiveCfg = Debug|Any CPU
		{F82B2EF9-06D2-42CC-9C6F-E0B58E2AAA74}.Debug|Any CPU.Build.0 = Debug|Any CPU
		{F82B2EF9-06D2-42CC-9C6F-E0B58E2AAA74}.Release|Any CPU.ActiveCfg = Release|Any CPU
		{F82B2EF9-06D2-42CC-9C6F-E0B58E2AAA74}.Release|Any CPU.Build.0 = Release|Any CPU
		{2AC58CF0-131F-4C02-957C-87B88CD48594}.Debug|Any CPU.ActiveCfg = Debug|Any CPU
		{2AC58CF0-131F-4C02-957C-87B88CD48594}.Debug|Any CPU.Build.0 = Debug|Any CPU
		{2AC58CF0-131F-4C02-957C-87B88CD48594}.Release|Any CPU.ActiveCfg = Release|Any CPU
		{2AC58CF0-131F-4C02-957C-87B88CD48594}.Release|Any CPU.Build.0 = Release|Any CPU
	EndGlobalSection
EndGlobal
