
Microsoft Visual Studio Solution File, Format Version 12.00
Project("{2150E333-8FDC-42A3-9474-1A3956D46DE8}") = "docs", "docs", "{DD019AB4-865D-49B1-94B1-F3C43DE8E1BD}"
	ProjectSection(SolutionItems) = preProject
		..\docs\Architecture.drawio = docs\Architecture.drawio
		..\docs\Презентация.key = docs\Презентация.key
		README.md = README.md
		..\docs\Диплом.pages = docs\Диплом.pages
	EndProjectSection
EndProject
Project("{2150E333-8FDC-42A3-9474-1A3956D46DE8}") = "recognition-functions", "recognition-functions", "{ACA6A923-BD1B-4C75-932B-52CC84FDB528}"
EndProject
Project("{FAE04EC0-301F-11D3-BF4B-00C04F79EFBC}") = "ReceiveVideoHandler", "recognition-functions\ReceiveVideoHandler\ReceiveVideoHandler.csproj", "{55ECAF08-CE2B-483E-B92A-6CC6BD9674E1}"
EndProject
Project("{FAE04EC0-301F-11D3-BF4B-00C04F79EFBC}") = "Api", "Api\Api.csproj", "{AEA763C0-C6D8-4E9E-9178-A5DFB5A6FE8D}"
EndProject
Project("{2150E333-8FDC-42A3-9474-1A3956D46DE8}") = "packages", "packages", "{9CA4F8B0-4DBA-4B06-80E9-C1477C3C88FD}"
EndProject
Project("{FAE04EC0-301F-11D3-BF4B-00C04F79EFBC}") = "Data", "packages\Data\Data.csproj", "{3B32B140-D044-4825-8755-BCADCAD950AE}"
EndProject
Project("{FAE04EC0-301F-11D3-BF4B-00C04F79EFBC}") = "Domain", "Domain\Domain.csproj", "{BB1A4C33-85A0-479B-B59D-32BF5A9D9096}"
EndProject
Project("{FAE04EC0-301F-11D3-BF4B-00C04F79EFBC}") = "CloudFunctions", "packages\CloudFunctions\CloudFunctions.csproj", "{0A39CD2D-4B9E-467B-A80F-B47DCD4C582C}"
EndProject
Project("{FAE04EC0-301F-11D3-BF4B-00C04F79EFBC}") = "MessageQueue", "packages\MessageQueue\MessageQueue.csproj", "{B9068584-3A64-4660-BFC3-0267B053F6B0}"
EndProject
Project("{FAE04EC0-301F-11D3-BF4B-00C04F79EFBC}") = "ProcessVideoHandler", "recognition-functions\ProcessVideoHandler\ProcessVideoHandler.csproj", "{D78788AC-AA10-45FC-8889-72BB004E38E7}"
EndProject
Project("{FAE04EC0-301F-11D3-BF4B-00C04F79EFBC}") = "Files", "packages\Files\Files.csproj", "{B5824AE6-E8B7-4FA9-8A15-283A2AD375AB}"
EndProject
Project("{FAE04EC0-301F-11D3-BF4B-00C04F79EFBC}") = "RecognizeFrameHandler", "recognition-functions\RecognizeFrameHandler\RecognizeFrameHandler.csproj", "{D7A12355-9FF9-4AE6-9BA6-005972394F64}"
EndProject
Project("{FAE04EC0-301F-11D3-BF4B-00C04F79EFBC}") = "AggregateResultsHandler", "recognition-functions\AggregateResultsHandler\AggregateResultsHandler.csproj", "{0AAFAD6E-F4BA-42F9-B676-7E725BACF081}"
EndProject
Global
	GlobalSection(SolutionConfigurationPlatforms) = preSolution
		Debug|Any CPU = Debug|Any CPU
		Release|Any CPU = Release|Any CPU
	EndGlobalSection
	GlobalSection(NestedProjects) = preSolution
		{55ECAF08-CE2B-483E-B92A-6CC6BD9674E1} = {ACA6A923-BD1B-4C75-932B-52CC84FDB528}
		{3B32B140-D044-4825-8755-BCADCAD950AE} = {9CA4F8B0-4DBA-4B06-80E9-C1477C3C88FD}
		{0A39CD2D-4B9E-467B-A80F-B47DCD4C582C} = {9CA4F8B0-4DBA-4B06-80E9-C1477C3C88FD}
		{B9068584-3A64-4660-BFC3-0267B053F6B0} = {9CA4F8B0-4DBA-4B06-80E9-C1477C3C88FD}
		{D78788AC-AA10-45FC-8889-72BB004E38E7} = {ACA6A923-BD1B-4C75-932B-52CC84FDB528}
		{B5824AE6-E8B7-4FA9-8A15-283A2AD375AB} = {9CA4F8B0-4DBA-4B06-80E9-C1477C3C88FD}
		{D7A12355-9FF9-4AE6-9BA6-005972394F64} = {ACA6A923-BD1B-4C75-932B-52CC84FDB528}
		{0AAFAD6E-F4BA-42F9-B676-7E725BACF081} = {ACA6A923-BD1B-4C75-932B-52CC84FDB528}
	EndGlobalSection
	GlobalSection(ProjectConfigurationPlatforms) = postSolution
		{55ECAF08-CE2B-483E-B92A-6CC6BD9674E1}.Debug|Any CPU.ActiveCfg = Debug|Any CPU
		{55ECAF08-CE2B-483E-B92A-6CC6BD9674E1}.Debug|Any CPU.Build.0 = Debug|Any CPU
		{55ECAF08-CE2B-483E-B92A-6CC6BD9674E1}.Release|Any CPU.ActiveCfg = Release|Any CPU
		{55ECAF08-CE2B-483E-B92A-6CC6BD9674E1}.Release|Any CPU.Build.0 = Release|Any CPU
		{AEA763C0-C6D8-4E9E-9178-A5DFB5A6FE8D}.Debug|Any CPU.ActiveCfg = Debug|Any CPU
		{AEA763C0-C6D8-4E9E-9178-A5DFB5A6FE8D}.Debug|Any CPU.Build.0 = Debug|Any CPU
		{AEA763C0-C6D8-4E9E-9178-A5DFB5A6FE8D}.Release|Any CPU.ActiveCfg = Release|Any CPU
		{AEA763C0-C6D8-4E9E-9178-A5DFB5A6FE8D}.Release|Any CPU.Build.0 = Release|Any CPU
		{3B32B140-D044-4825-8755-BCADCAD950AE}.Debug|Any CPU.ActiveCfg = Debug|Any CPU
		{3B32B140-D044-4825-8755-BCADCAD950AE}.Debug|Any CPU.Build.0 = Debug|Any CPU
		{3B32B140-D044-4825-8755-BCADCAD950AE}.Release|Any CPU.ActiveCfg = Release|Any CPU
		{3B32B140-D044-4825-8755-BCADCAD950AE}.Release|Any CPU.Build.0 = Release|Any CPU
		{BB1A4C33-85A0-479B-B59D-32BF5A9D9096}.Debug|Any CPU.ActiveCfg = Debug|Any CPU
		{BB1A4C33-85A0-479B-B59D-32BF5A9D9096}.Debug|Any CPU.Build.0 = Debug|Any CPU
		{BB1A4C33-85A0-479B-B59D-32BF5A9D9096}.Release|Any CPU.ActiveCfg = Release|Any CPU
		{BB1A4C33-85A0-479B-B59D-32BF5A9D9096}.Release|Any CPU.Build.0 = Release|Any CPU
		{0A39CD2D-4B9E-467B-A80F-B47DCD4C582C}.Debug|Any CPU.ActiveCfg = Debug|Any CPU
		{0A39CD2D-4B9E-467B-A80F-B47DCD4C582C}.Debug|Any CPU.Build.0 = Debug|Any CPU
		{0A39CD2D-4B9E-467B-A80F-B47DCD4C582C}.Release|Any CPU.ActiveCfg = Release|Any CPU
		{0A39CD2D-4B9E-467B-A80F-B47DCD4C582C}.Release|Any CPU.Build.0 = Release|Any CPU
		{B9068584-3A64-4660-BFC3-0267B053F6B0}.Debug|Any CPU.ActiveCfg = Debug|Any CPU
		{B9068584-3A64-4660-BFC3-0267B053F6B0}.Debug|Any CPU.Build.0 = Debug|Any CPU
		{B9068584-3A64-4660-BFC3-0267B053F6B0}.Release|Any CPU.ActiveCfg = Release|Any CPU
		{B9068584-3A64-4660-BFC3-0267B053F6B0}.Release|Any CPU.Build.0 = Release|Any CPU
		{D78788AC-AA10-45FC-8889-72BB004E38E7}.Debug|Any CPU.ActiveCfg = Debug|Any CPU
		{D78788AC-AA10-45FC-8889-72BB004E38E7}.Debug|Any CPU.Build.0 = Debug|Any CPU
		{D78788AC-AA10-45FC-8889-72BB004E38E7}.Release|Any CPU.ActiveCfg = Release|Any CPU
		{D78788AC-AA10-45FC-8889-72BB004E38E7}.Release|Any CPU.Build.0 = Release|Any CPU
		{B5824AE6-E8B7-4FA9-8A15-283A2AD375AB}.Debug|Any CPU.ActiveCfg = Debug|Any CPU
		{B5824AE6-E8B7-4FA9-8A15-283A2AD375AB}.Debug|Any CPU.Build.0 = Debug|Any CPU
		{B5824AE6-E8B7-4FA9-8A15-283A2AD375AB}.Release|Any CPU.ActiveCfg = Release|Any CPU
		{B5824AE6-E8B7-4FA9-8A15-283A2AD375AB}.Release|Any CPU.Build.0 = Release|Any CPU
		{D7A12355-9FF9-4AE6-9BA6-005972394F64}.Debug|Any CPU.ActiveCfg = Debug|Any CPU
		{D7A12355-9FF9-4AE6-9BA6-005972394F64}.Debug|Any CPU.Build.0 = Debug|Any CPU
		{D7A12355-9FF9-4AE6-9BA6-005972394F64}.Release|Any CPU.ActiveCfg = Release|Any CPU
		{D7A12355-9FF9-4AE6-9BA6-005972394F64}.Release|Any CPU.Build.0 = Release|Any CPU
		{0AAFAD6E-F4BA-42F9-B676-7E725BACF081}.Debug|Any CPU.ActiveCfg = Debug|Any CPU
		{0AAFAD6E-F4BA-42F9-B676-7E725BACF081}.Debug|Any CPU.Build.0 = Debug|Any CPU
		{0AAFAD6E-F4BA-42F9-B676-7E725BACF081}.Release|Any CPU.ActiveCfg = Release|Any CPU
		{0AAFAD6E-F4BA-42F9-B676-7E725BACF081}.Release|Any CPU.Build.0 = Release|Any CPU
	EndGlobalSection
EndGlobal
