
Microsoft Visual Studio Solution File, Format Version 12.00
Project("{2150E333-8FDC-42A3-9474-1A3956D46DE8}") = "src", "src", "{2649DB16-37F9-4696-920A-641ABDA3D1AC}"
EndProject
Project("{FAE04EC0-301F-11D3-BF4B-00C04F79EFBC}") = "Domain", "src\Domain\Domain.csproj", "{D85B80D9-5E07-4F54-BF81-BAE7C4DEDB7E}"
EndProject
Project("{FAE04EC0-301F-11D3-BF4B-00C04F79EFBC}") = "AspireAppHost", "src\AspireAppHost\AspireAppHost.csproj", "{CFEF6214-6095-49FF-B591-911CD6D2C10E}"
EndProject
Project("{FAE04EC0-301F-11D3-BF4B-00C04F79EFBC}") = "WebApi", "src\WebApi\WebApi.csproj", "{AAA89C40-8190-430E-9012-76F015A2521F}"
EndProject
Project("{FAE04EC0-301F-11D3-BF4B-00C04F79EFBC}") = "Application", "src\Application\Application.csproj", "{9C194A45-261F-4394-8FDA-0B6DFAB1597F}"
EndProject
Project("{FAE04EC0-301F-11D3-BF4B-00C04F79EFBC}") = "Infrastructure", "src\Infrastructure\Infrastructure.csproj", "{BF8A324D-BBA6-485C-B9A8-42783DC00B12}"
EndProject
Project("{FAE04EC0-301F-11D3-BF4B-00C04F79EFBC}") = "DatabaseMigrator", "src\DatabaseMigrator\DatabaseMigrator.csproj", "{75BD1700-0165-4020-B65B-EE4013C3360D}"
EndProject
Project("{2150E333-8FDC-42A3-9474-1A3956D46DE8}") = "docs", "docs", "{DD019AB4-865D-49B1-94B1-F3C43DE8E1BD}"
	ProjectSection(SolutionItems) = preProject
		docs\MovieRecognizer.drawio = docs\MovieRecognizer.drawio
		docs\MovieRecognizer.png = docs\MovieRecognizer.png
		..\docs\Architecture.drawio = docs\Architecture.drawio
		..\docs\Architecture.png = docs\Architecture.png
	EndProjectSection
EndProject
Global
	GlobalSection(SolutionConfigurationPlatforms) = preSolution
		Debug|Any CPU = Debug|Any CPU
		Release|Any CPU = Release|Any CPU
	EndGlobalSection
	GlobalSection(NestedProjects) = preSolution
		{D85B80D9-5E07-4F54-BF81-BAE7C4DEDB7E} = {2649DB16-37F9-4696-920A-641ABDA3D1AC}
		{AAA89C40-8190-430E-9012-76F015A2521F} = {2649DB16-37F9-4696-920A-641ABDA3D1AC}
		{9C194A45-261F-4394-8FDA-0B6DFAB1597F} = {2649DB16-37F9-4696-920A-641ABDA3D1AC}
		{BF8A324D-BBA6-485C-B9A8-42783DC00B12} = {2649DB16-37F9-4696-920A-641ABDA3D1AC}
		{75BD1700-0165-4020-B65B-EE4013C3360D} = {2649DB16-37F9-4696-920A-641ABDA3D1AC}
		{CFEF6214-6095-49FF-B591-911CD6D2C10E} = {2649DB16-37F9-4696-920A-641ABDA3D1AC}
	EndGlobalSection
	GlobalSection(ProjectConfigurationPlatforms) = postSolution
		{D85B80D9-5E07-4F54-BF81-BAE7C4DEDB7E}.Debug|Any CPU.ActiveCfg = Debug|Any CPU
		{D85B80D9-5E07-4F54-BF81-BAE7C4DEDB7E}.Debug|Any CPU.Build.0 = Debug|Any CPU
		{D85B80D9-5E07-4F54-BF81-BAE7C4DEDB7E}.Release|Any CPU.ActiveCfg = Release|Any CPU
		{D85B80D9-5E07-4F54-BF81-BAE7C4DEDB7E}.Release|Any CPU.Build.0 = Release|Any CPU
		{CFEF6214-6095-49FF-B591-911CD6D2C10E}.Debug|Any CPU.ActiveCfg = Debug|Any CPU
		{CFEF6214-6095-49FF-B591-911CD6D2C10E}.Debug|Any CPU.Build.0 = Debug|Any CPU
		{CFEF6214-6095-49FF-B591-911CD6D2C10E}.Release|Any CPU.ActiveCfg = Release|Any CPU
		{CFEF6214-6095-49FF-B591-911CD6D2C10E}.Release|Any CPU.Build.0 = Release|Any CPU
		{AAA89C40-8190-430E-9012-76F015A2521F}.Debug|Any CPU.ActiveCfg = Debug|Any CPU
		{AAA89C40-8190-430E-9012-76F015A2521F}.Debug|Any CPU.Build.0 = Debug|Any CPU
		{AAA89C40-8190-430E-9012-76F015A2521F}.Release|Any CPU.ActiveCfg = Release|Any CPU
		{AAA89C40-8190-430E-9012-76F015A2521F}.Release|Any CPU.Build.0 = Release|Any CPU
		{9C194A45-261F-4394-8FDA-0B6DFAB1597F}.Debug|Any CPU.ActiveCfg = Debug|Any CPU
		{9C194A45-261F-4394-8FDA-0B6DFAB1597F}.Debug|Any CPU.Build.0 = Debug|Any CPU
		{9C194A45-261F-4394-8FDA-0B6DFAB1597F}.Release|Any CPU.ActiveCfg = Release|Any CPU
		{9C194A45-261F-4394-8FDA-0B6DFAB1597F}.Release|Any CPU.Build.0 = Release|Any CPU
		{BF8A324D-BBA6-485C-B9A8-42783DC00B12}.Debug|Any CPU.ActiveCfg = Debug|Any CPU
		{BF8A324D-BBA6-485C-B9A8-42783DC00B12}.Debug|Any CPU.Build.0 = Debug|Any CPU
		{BF8A324D-BBA6-485C-B9A8-42783DC00B12}.Release|Any CPU.ActiveCfg = Release|Any CPU
		{BF8A324D-BBA6-485C-B9A8-42783DC00B12}.Release|Any CPU.Build.0 = Release|Any CPU
		{75BD1700-0165-4020-B65B-EE4013C3360D}.Debug|Any CPU.ActiveCfg = Debug|Any CPU
		{75BD1700-0165-4020-B65B-EE4013C3360D}.Debug|Any CPU.Build.0 = Debug|Any CPU
		{75BD1700-0165-4020-B65B-EE4013C3360D}.Release|Any CPU.ActiveCfg = Release|Any CPU
		{75BD1700-0165-4020-B65B-EE4013C3360D}.Release|Any CPU.Build.0 = Release|Any CPU
	EndGlobalSection
EndGlobal
